// !$*UTF8*$!
{
	archiveVersion = 1;
	classes = {
	};
	objectVersion = 56;
	objects = {

/* Begin PBXBuildFile section */
		012E53982A03380200EB55A9 /* AppDelegate.swift in Sources */ = {isa = PBXBuildFile; fileRef = 012E53972A03380200EB55A9 /* AppDelegate.swift */; };
		012E539A2A03380200EB55A9 /* SceneDelegate.swift in Sources */ = {isa = PBXBuildFile; fileRef = 012E53992A03380200EB55A9 /* SceneDelegate.swift */; };
		012E53A12A03380400EB55A9 /* Assets.xcassets in Resources */ = {isa = PBXBuildFile; fileRef = 012E53A02A03380400EB55A9 /* Assets.xcassets */; };
		012E53A42A03380400EB55A9 /* LaunchScreen.storyboard in Resources */ = {isa = PBXBuildFile; fileRef = 012E53A22A03380400EB55A9 /* LaunchScreen.storyboard */; };
		012E53AC2A03393000EB55A9 /* README.md in Resources */ = {isa = PBXBuildFile; fileRef = 012E53AB2A03393000EB55A9 /* README.md */; };
		012E53B62A03408600EB55A9 /* OnboardingViewController.swift in Sources */ = {isa = PBXBuildFile; fileRef = 012E53B52A03408500EB55A9 /* OnboardingViewController.swift */; };
		013A08A02A0F73BA00591747 /* FoodCategory.swift in Sources */ = {isa = PBXBuildFile; fileRef = 013A089F2A0F73BA00591747 /* FoodCategory.swift */; };
		013F89AD2A09C8CB00F0F085 /* OnboardingCollectionViewCell.swift in Sources */ = {isa = PBXBuildFile; fileRef = 013F89AC2A09C8CB00F0F085 /* OnboardingCollectionViewCell.swift */; };
		013F89AF2A09CDFB00F0F085 /* OnboardingSlide.swift in Sources */ = {isa = PBXBuildFile; fileRef = 013F89AE2A09CDFB00F0F085 /* OnboardingSlide.swift */; };
		01482F022A3A1E1700F6EC46 /* AddToCartViewController.swift in Sources */ = {isa = PBXBuildFile; fileRef = 01482F012A3A1E1700F6EC46 /* AddToCartViewController.swift */; };
		01482F042A3A1E3300F6EC46 /* AddToCartView.swift in Sources */ = {isa = PBXBuildFile; fileRef = 01482F032A3A1E3300F6EC46 /* AddToCartView.swift */; };
		01482F062A3A47DF00F6EC46 /* AddToCartViewModel.swift in Sources */ = {isa = PBXBuildFile; fileRef = 01482F052A3A47DF00F6EC46 /* AddToCartViewModel.swift */; };
		01482F092A3A52B700F6EC46 /* Order+CoreDataClass.swift in Sources */ = {isa = PBXBuildFile; fileRef = 01482F072A3A52B700F6EC46 /* Order+CoreDataClass.swift */; };
		01482F0A2A3A52B700F6EC46 /* Order+CoreDataProperties.swift in Sources */ = {isa = PBXBuildFile; fileRef = 01482F082A3A52B700F6EC46 /* Order+CoreDataProperties.swift */; };
		01482F0D2A3A6C1400F6EC46 /* SearchCollectionViewController.swift in Sources */ = {isa = PBXBuildFile; fileRef = 01482F0C2A3A6C1400F6EC46 /* SearchCollectionViewController.swift */; };
		01482F0F2A3A771600F6EC46 /* SearchViewModel.swift in Sources */ = {isa = PBXBuildFile; fileRef = 01482F0E2A3A771600F6EC46 /* SearchViewModel.swift */; };
		01482F122A3A81C900F6EC46 /* FoodCategoriesCollectionViewController.swift in Sources */ = {isa = PBXBuildFile; fileRef = 01482F112A3A81C900F6EC46 /* FoodCategoriesCollectionViewController.swift */; };
		015395452A3FAB84005CF829 /* MealsResponse.swift in Sources */ = {isa = PBXBuildFile; fileRef = 015395442A3FAB84005CF829 /* MealsResponse.swift */; };
		015395472A3FAC54005CF829 /* CountriesResponse.swift in Sources */ = {isa = PBXBuildFile; fileRef = 015395462A3FAC54005CF829 /* CountriesResponse.swift */; };
		015395492A3FACB1005CF829 /* FoodCategoriesResponse.swift in Sources */ = {isa = PBXBuildFile; fileRef = 015395482A3FACB1005CF829 /* FoodCategoriesResponse.swift */; };
		0153954B2A3FAF54005CF829 /* MealsType.swift in Sources */ = {isa = PBXBuildFile; fileRef = 0153954A2A3FAF54005CF829 /* MealsType.swift */; };
		015F1EE02A3FEC6E005B2D7E /* CountriesCollectionViewController.swift in Sources */ = {isa = PBXBuildFile; fileRef = 015F1EDF2A3FEC6E005B2D7E /* CountriesCollectionViewController.swift */; };
		015F1EE42A3FFC2B005B2D7E /* CartViewModel.swift in Sources */ = {isa = PBXBuildFile; fileRef = 015F1EE32A3FFC2B005B2D7E /* CartViewModel.swift */; };
		016890692A0F972D00A61A31 /* FoodCategoryCollectionViewCell.swift in Sources */ = {isa = PBXBuildFile; fileRef = 016890682A0F972D00A61A31 /* FoodCategoryCollectionViewCell.swift */; };
		0168906B2A0F9ECE00A61A31 /* HeaderTitleCollectionReusableView.swift in Sources */ = {isa = PBXBuildFile; fileRef = 0168906A2A0F9ECE00A61A31 /* HeaderTitleCollectionReusableView.swift */; };
		0168906E2A0FB05400A61A31 /* Constant.swift in Sources */ = {isa = PBXBuildFile; fileRef = 0168906D2A0FB05400A61A31 /* Constant.swift */; };
		016890702A0FB15000A61A31 /* CardView.swift in Sources */ = {isa = PBXBuildFile; fileRef = 0168906F2A0FB15000A61A31 /* CardView.swift */; };
		01702DC62A2FE77300CC301D /* MealDetailsViewModel.swift in Sources */ = {isa = PBXBuildFile; fileRef = 01702DC52A2FE77300CC301D /* MealDetailsViewModel.swift */; };
		01702DC82A2FE7A800CC301D /* MealDetailsResponse.swift in Sources */ = {isa = PBXBuildFile; fileRef = 01702DC72A2FE7A800CC301D /* MealDetailsResponse.swift */; };
		01702DCC2A2FEAB600CC301D /* MealDetails.swift in Sources */ = {isa = PBXBuildFile; fileRef = 01702DCB2A2FEAB600CC301D /* MealDetails.swift */; };
		01702DCE2A2FF35B00CC301D /* MealDetailsView.swift in Sources */ = {isa = PBXBuildFile; fileRef = 01702DCD2A2FF35B00CC301D /* MealDetailsView.swift */; };
		01703E622A43B5D4002C69E6 /* CountriesSection.swift in Sources */ = {isa = PBXBuildFile; fileRef = 01703E612A43B5D4002C69E6 /* CountriesSection.swift */; };
		017167A92A2F8AB60057214E /* UIImageView+Extension.swift in Sources */ = {isa = PBXBuildFile; fileRef = 017167A82A2F8AB60057214E /* UIImageView+Extension.swift */; };
		017167AB2A2F93AF0057214E /* MealsViewModel.swift in Sources */ = {isa = PBXBuildFile; fileRef = 017167AA2A2F93AF0057214E /* MealsViewModel.swift */; };
		0182DC6B2A1CF48700DEB392 /* FoodCategoriesViewModel.swift in Sources */ = {isa = PBXBuildFile; fileRef = 0182DC6A2A1CF48700DEB392 /* FoodCategoriesViewModel.swift */; };
		018DD0512A47E977006CD898 /* SearchResponse.swift in Sources */ = {isa = PBXBuildFile; fileRef = 018DD0502A47E977006CD898 /* SearchResponse.swift */; };
		018E656F2A34CEF7008433EB /* Foody.xcdatamodeld in Sources */ = {isa = PBXBuildFile; fileRef = 018E656D2A34CEF7008433EB /* Foody.xcdatamodeld */; };
		018E65752A34D083008433EB /* CoreDataManager.swift in Sources */ = {isa = PBXBuildFile; fileRef = 018E65742A34D083008433EB /* CoreDataManager.swift */; };
		018E65772A34E0C2008433EB /* OrderManager.swift in Sources */ = {isa = PBXBuildFile; fileRef = 018E65762A34E0C2008433EB /* OrderManager.swift */; };
		0191CF812A2E7EC1008F6037 /* CountryCollectionViewCell.swift in Sources */ = {isa = PBXBuildFile; fileRef = 0191CF802A2E7EC1008F6037 /* CountryCollectionViewCell.swift */; };
		0191CF852A2E8D2D008F6037 /* MealCollectionViewCell.swift in Sources */ = {isa = PBXBuildFile; fileRef = 0191CF842A2E8D2D008F6037 /* MealCollectionViewCell.swift */; };
		0191CF892A2EA052008F6037 /* CountriesViewModel.swift in Sources */ = {isa = PBXBuildFile; fileRef = 0191CF882A2EA052008F6037 /* CountriesViewModel.swift */; };
		0191CF8B2A2EA35E008F6037 /* Country.swift in Sources */ = {isa = PBXBuildFile; fileRef = 0191CF8A2A2EA35E008F6037 /* Country.swift */; };
		01959C852A37107C00DFCD1D /* HomeCollectionViewController.swift in Sources */ = {isa = PBXBuildFile; fileRef = 01959C842A37107C00DFCD1D /* HomeCollectionViewController.swift */; };
		01B628992A3FA63700CD911A /* MealsCollectionViewController.swift in Sources */ = {isa = PBXBuildFile; fileRef = 01B628982A3FA63700CD911A /* MealsCollectionViewController.swift */; };
		01BD38612A4276E60023CF63 /* MealDBEndpoint.swift in Sources */ = {isa = PBXBuildFile; fileRef = 01BD38602A4276E60023CF63 /* MealDBEndpoint.swift */; };
		01C2F83A2A38C0B9001E045F /* FoodCategoriesSection.swift in Sources */ = {isa = PBXBuildFile; fileRef = 01C2F8392A38C0B9001E045F /* FoodCategoriesSection.swift */; };
		01C2F83D2A390032001E045F /* HomeCollectionViewControllerSection.swift in Sources */ = {isa = PBXBuildFile; fileRef = 01C2F83C2A390032001E045F /* HomeCollectionViewControllerSection.swift */; };
		01DFEC812A138E89002FC0AC /* NetworkManager.swift in Sources */ = {isa = PBXBuildFile; fileRef = 01DFEC802A138E89002FC0AC /* NetworkManager.swift */; };
		01DFEC832A138E94002FC0AC /* HTTPMethod.swift in Sources */ = {isa = PBXBuildFile; fileRef = 01DFEC822A138E94002FC0AC /* HTTPMethod.swift */; };
		01DFEC852A138F47002FC0AC /* Endpoint.swift in Sources */ = {isa = PBXBuildFile; fileRef = 01DFEC842A138F47002FC0AC /* Endpoint.swift */; };
		01DFEC872A1397A4002FC0AC /* CustomError.swift in Sources */ = {isa = PBXBuildFile; fileRef = 01DFEC862A1397A4002FC0AC /* CustomError.swift */; };
		01DFEC8C2A139A7D002FC0AC /* Meal.swift in Sources */ = {isa = PBXBuildFile; fileRef = 01DFEC8B2A139A7D002FC0AC /* Meal.swift */; };
		01F3D8402A12262C00514C66 /* MealDetailsViewController.swift in Sources */ = {isa = PBXBuildFile; fileRef = 01F3D83F2A12262C00514C66 /* MealDetailsViewController.swift */; };
		01F3D8432A12396D00514C66 /* CartTableViewController.swift in Sources */ = {isa = PBXBuildFile; fileRef = 01F3D8422A12396D00514C66 /* CartTableViewController.swift */; };
		01F3D8482A123AB900514C66 /* CartTableViewCell.swift in Sources */ = {isa = PBXBuildFile; fileRef = 01F3D8472A123AB900514C66 /* CartTableViewCell.swift */; };
		9849F108B588286846FBF4A2 /* Pods_Foody.framework in Frameworks */ = {isa = PBXBuildFile; fileRef = 254123C02155A5A3882540AC /* Pods_Foody.framework */; };
/* End PBXBuildFile section */

/* Begin PBXFileReference section */
		012E53942A03380200EB55A9 /* Foody.app */ = {isa = PBXFileReference; explicitFileType = wrapper.application; includeInIndex = 0; path = Foody.app; sourceTree = BUILT_PRODUCTS_DIR; };
		012E53972A03380200EB55A9 /* AppDelegate.swift */ = {isa = PBXFileReference; lastKnownFileType = sourcecode.swift; path = AppDelegate.swift; sourceTree = "<group>"; };
		012E53992A03380200EB55A9 /* SceneDelegate.swift */ = {isa = PBXFileReference; lastKnownFileType = sourcecode.swift; path = SceneDelegate.swift; sourceTree = "<group>"; };
		012E53A02A03380400EB55A9 /* Assets.xcassets */ = {isa = PBXFileReference; lastKnownFileType = folder.assetcatalog; path = Assets.xcassets; sourceTree = "<group>"; };
		012E53A32A03380400EB55A9 /* Base */ = {isa = PBXFileReference; lastKnownFileType = file.storyboard; name = Base; path = Base.lproj/LaunchScreen.storyboard; sourceTree = "<group>"; };
		012E53A52A03380400EB55A9 /* Info.plist */ = {isa = PBXFileReference; lastKnownFileType = text.plist.xml; path = Info.plist; sourceTree = "<group>"; };
		012E53AB2A03393000EB55A9 /* README.md */ = {isa = PBXFileReference; fileEncoding = 4; lastKnownFileType = net.daringfireball.markdown; path = README.md; sourceTree = "<group>"; };
		012E53B52A03408500EB55A9 /* OnboardingViewController.swift */ = {isa = PBXFileReference; lastKnownFileType = sourcecode.swift; path = OnboardingViewController.swift; sourceTree = "<group>"; };
		013A089F2A0F73BA00591747 /* FoodCategory.swift */ = {isa = PBXFileReference; lastKnownFileType = sourcecode.swift; path = FoodCategory.swift; sourceTree = "<group>"; };
		013F89AC2A09C8CB00F0F085 /* OnboardingCollectionViewCell.swift */ = {isa = PBXFileReference; lastKnownFileType = sourcecode.swift; path = OnboardingCollectionViewCell.swift; sourceTree = "<group>"; };
		013F89AE2A09CDFB00F0F085 /* OnboardingSlide.swift */ = {isa = PBXFileReference; lastKnownFileType = sourcecode.swift; path = OnboardingSlide.swift; sourceTree = "<group>"; };
		01482F012A3A1E1700F6EC46 /* AddToCartViewController.swift */ = {isa = PBXFileReference; lastKnownFileType = sourcecode.swift; path = AddToCartViewController.swift; sourceTree = "<group>"; };
		01482F032A3A1E3300F6EC46 /* AddToCartView.swift */ = {isa = PBXFileReference; lastKnownFileType = sourcecode.swift; path = AddToCartView.swift; sourceTree = "<group>"; };
		01482F052A3A47DF00F6EC46 /* AddToCartViewModel.swift */ = {isa = PBXFileReference; lastKnownFileType = sourcecode.swift; path = AddToCartViewModel.swift; sourceTree = "<group>"; };
		01482F072A3A52B700F6EC46 /* Order+CoreDataClass.swift */ = {isa = PBXFileReference; lastKnownFileType = sourcecode.swift; path = "Order+CoreDataClass.swift"; sourceTree = "<group>"; };
		01482F082A3A52B700F6EC46 /* Order+CoreDataProperties.swift */ = {isa = PBXFileReference; lastKnownFileType = sourcecode.swift; path = "Order+CoreDataProperties.swift"; sourceTree = "<group>"; };
		01482F0C2A3A6C1400F6EC46 /* SearchCollectionViewController.swift */ = {isa = PBXFileReference; lastKnownFileType = sourcecode.swift; path = SearchCollectionViewController.swift; sourceTree = "<group>"; };
		01482F0E2A3A771600F6EC46 /* SearchViewModel.swift */ = {isa = PBXFileReference; lastKnownFileType = sourcecode.swift; path = SearchViewModel.swift; sourceTree = "<group>"; };
		01482F112A3A81C900F6EC46 /* FoodCategoriesCollectionViewController.swift */ = {isa = PBXFileReference; lastKnownFileType = sourcecode.swift; path = FoodCategoriesCollectionViewController.swift; sourceTree = "<group>"; };
		015395442A3FAB84005CF829 /* MealsResponse.swift */ = {isa = PBXFileReference; lastKnownFileType = sourcecode.swift; path = MealsResponse.swift; sourceTree = "<group>"; };
		015395462A3FAC54005CF829 /* CountriesResponse.swift */ = {isa = PBXFileReference; lastKnownFileType = sourcecode.swift; path = CountriesResponse.swift; sourceTree = "<group>"; };
		015395482A3FACB1005CF829 /* FoodCategoriesResponse.swift */ = {isa = PBXFileReference; lastKnownFileType = sourcecode.swift; path = FoodCategoriesResponse.swift; sourceTree = "<group>"; };
		0153954A2A3FAF54005CF829 /* MealsType.swift */ = {isa = PBXFileReference; lastKnownFileType = sourcecode.swift; path = MealsType.swift; sourceTree = "<group>"; };
		015F1EDF2A3FEC6E005B2D7E /* CountriesCollectionViewController.swift */ = {isa = PBXFileReference; lastKnownFileType = sourcecode.swift; path = CountriesCollectionViewController.swift; sourceTree = "<group>"; };
		015F1EE32A3FFC2B005B2D7E /* CartViewModel.swift */ = {isa = PBXFileReference; lastKnownFileType = sourcecode.swift; path = CartViewModel.swift; sourceTree = "<group>"; };
		016890682A0F972D00A61A31 /* FoodCategoryCollectionViewCell.swift */ = {isa = PBXFileReference; lastKnownFileType = sourcecode.swift; path = FoodCategoryCollectionViewCell.swift; sourceTree = "<group>"; };
		0168906A2A0F9ECE00A61A31 /* HeaderTitleCollectionReusableView.swift */ = {isa = PBXFileReference; lastKnownFileType = sourcecode.swift; path = HeaderTitleCollectionReusableView.swift; sourceTree = "<group>"; };
		0168906D2A0FB05400A61A31 /* Constant.swift */ = {isa = PBXFileReference; lastKnownFileType = sourcecode.swift; path = Constant.swift; sourceTree = "<group>"; };
		0168906F2A0FB15000A61A31 /* CardView.swift */ = {isa = PBXFileReference; lastKnownFileType = sourcecode.swift; path = CardView.swift; sourceTree = "<group>"; };
		01702DC52A2FE77300CC301D /* MealDetailsViewModel.swift */ = {isa = PBXFileReference; lastKnownFileType = sourcecode.swift; path = MealDetailsViewModel.swift; sourceTree = "<group>"; };
		01702DC72A2FE7A800CC301D /* MealDetailsResponse.swift */ = {isa = PBXFileReference; lastKnownFileType = sourcecode.swift; path = MealDetailsResponse.swift; sourceTree = "<group>"; };
		01702DCB2A2FEAB600CC301D /* MealDetails.swift */ = {isa = PBXFileReference; lastKnownFileType = sourcecode.swift; path = MealDetails.swift; sourceTree = "<group>"; };
		01702DCD2A2FF35B00CC301D /* MealDetailsView.swift */ = {isa = PBXFileReference; lastKnownFileType = sourcecode.swift; path = MealDetailsView.swift; sourceTree = "<group>"; };
		01703E612A43B5D4002C69E6 /* CountriesSection.swift */ = {isa = PBXFileReference; lastKnownFileType = sourcecode.swift; path = CountriesSection.swift; sourceTree = "<group>"; };
		017167A82A2F8AB60057214E /* UIImageView+Extension.swift */ = {isa = PBXFileReference; lastKnownFileType = sourcecode.swift; path = "UIImageView+Extension.swift"; sourceTree = "<group>"; };
		017167AA2A2F93AF0057214E /* MealsViewModel.swift */ = {isa = PBXFileReference; lastKnownFileType = sourcecode.swift; path = MealsViewModel.swift; sourceTree = "<group>"; };
		0182DC6A2A1CF48700DEB392 /* FoodCategoriesViewModel.swift */ = {isa = PBXFileReference; lastKnownFileType = sourcecode.swift; path = FoodCategoriesViewModel.swift; sourceTree = "<group>"; };
		018DD0502A47E977006CD898 /* SearchResponse.swift */ = {isa = PBXFileReference; lastKnownFileType = sourcecode.swift; path = SearchResponse.swift; sourceTree = "<group>"; };
		018E656E2A34CEF7008433EB /* Foody.xcdatamodel */ = {isa = PBXFileReference; lastKnownFileType = wrapper.xcdatamodel; path = Foody.xcdatamodel; sourceTree = "<group>"; };
		018E65742A34D083008433EB /* CoreDataManager.swift */ = {isa = PBXFileReference; lastKnownFileType = sourcecode.swift; path = CoreDataManager.swift; sourceTree = "<group>"; };
		018E65762A34E0C2008433EB /* OrderManager.swift */ = {isa = PBXFileReference; lastKnownFileType = sourcecode.swift; path = OrderManager.swift; sourceTree = "<group>"; };
		0191CF802A2E7EC1008F6037 /* CountryCollectionViewCell.swift */ = {isa = PBXFileReference; lastKnownFileType = sourcecode.swift; path = CountryCollectionViewCell.swift; sourceTree = "<group>"; };
		0191CF842A2E8D2D008F6037 /* MealCollectionViewCell.swift */ = {isa = PBXFileReference; lastKnownFileType = sourcecode.swift; path = MealCollectionViewCell.swift; sourceTree = "<group>"; };
		0191CF882A2EA052008F6037 /* CountriesViewModel.swift */ = {isa = PBXFileReference; lastKnownFileType = sourcecode.swift; path = CountriesViewModel.swift; sourceTree = "<group>"; };
		0191CF8A2A2EA35E008F6037 /* Country.swift */ = {isa = PBXFileReference; lastKnownFileType = sourcecode.swift; path = Country.swift; sourceTree = "<group>"; };
		01959C842A37107C00DFCD1D /* HomeCollectionViewController.swift */ = {isa = PBXFileReference; lastKnownFileType = sourcecode.swift; path = HomeCollectionViewController.swift; sourceTree = "<group>"; };
		01B628982A3FA63700CD911A /* MealsCollectionViewController.swift */ = {isa = PBXFileReference; lastKnownFileType = sourcecode.swift; path = MealsCollectionViewController.swift; sourceTree = "<group>"; };
		01BD38602A4276E60023CF63 /* MealDBEndpoint.swift */ = {isa = PBXFileReference; lastKnownFileType = sourcecode.swift; path = MealDBEndpoint.swift; sourceTree = "<group>"; };
		01C2F8392A38C0B9001E045F /* FoodCategoriesSection.swift */ = {isa = PBXFileReference; lastKnownFileType = sourcecode.swift; path = FoodCategoriesSection.swift; sourceTree = "<group>"; };
		01C2F83C2A390032001E045F /* HomeCollectionViewControllerSection.swift */ = {isa = PBXFileReference; lastKnownFileType = sourcecode.swift; path = HomeCollectionViewControllerSection.swift; sourceTree = "<group>"; };
		01DFEC802A138E89002FC0AC /* NetworkManager.swift */ = {isa = PBXFileReference; lastKnownFileType = sourcecode.swift; path = NetworkManager.swift; sourceTree = "<group>"; };
		01DFEC822A138E94002FC0AC /* HTTPMethod.swift */ = {isa = PBXFileReference; lastKnownFileType = sourcecode.swift; path = HTTPMethod.swift; sourceTree = "<group>"; };
		01DFEC842A138F47002FC0AC /* Endpoint.swift */ = {isa = PBXFileReference; lastKnownFileType = sourcecode.swift; path = Endpoint.swift; sourceTree = "<group>"; };
		01DFEC862A1397A4002FC0AC /* CustomError.swift */ = {isa = PBXFileReference; lastKnownFileType = sourcecode.swift; path = CustomError.swift; sourceTree = "<group>"; };
		01DFEC8B2A139A7D002FC0AC /* Meal.swift */ = {isa = PBXFileReference; lastKnownFileType = sourcecode.swift; path = Meal.swift; sourceTree = "<group>"; };
		01F3D83F2A12262C00514C66 /* MealDetailsViewController.swift */ = {isa = PBXFileReference; lastKnownFileType = sourcecode.swift; path = MealDetailsViewController.swift; sourceTree = "<group>"; };
		01F3D8422A12396D00514C66 /* CartTableViewController.swift */ = {isa = PBXFileReference; lastKnownFileType = sourcecode.swift; path = CartTableViewController.swift; sourceTree = "<group>"; };
		01F3D8472A123AB900514C66 /* CartTableViewCell.swift */ = {isa = PBXFileReference; lastKnownFileType = sourcecode.swift; path = CartTableViewCell.swift; sourceTree = "<group>"; };
		16CFADB6DC8D19571CB3667E /* Pods-Foody.debug.xcconfig */ = {isa = PBXFileReference; includeInIndex = 1; lastKnownFileType = text.xcconfig; name = "Pods-Foody.debug.xcconfig"; path = "Target Support Files/Pods-Foody/Pods-Foody.debug.xcconfig"; sourceTree = "<group>"; };
		254123C02155A5A3882540AC /* Pods_Foody.framework */ = {isa = PBXFileReference; explicitFileType = wrapper.framework; includeInIndex = 0; path = Pods_Foody.framework; sourceTree = BUILT_PRODUCTS_DIR; };
		DC2ED13C82A16A4DA493E4FB /* Pods-Foody.release.xcconfig */ = {isa = PBXFileReference; includeInIndex = 1; lastKnownFileType = text.xcconfig; name = "Pods-Foody.release.xcconfig"; path = "Target Support Files/Pods-Foody/Pods-Foody.release.xcconfig"; sourceTree = "<group>"; };
/* End PBXFileReference section */

/* Begin PBXFrameworksBuildPhase section */
		012E53912A03380200EB55A9 /* Frameworks */ = {
			isa = PBXFrameworksBuildPhase;
			buildActionMask = 2147483647;
			files = (
				9849F108B588286846FBF4A2 /* Pods_Foody.framework in Frameworks */,
			);
			runOnlyForDeploymentPostprocessing = 0;
		};
/* End PBXFrameworksBuildPhase section */

/* Begin PBXGroup section */
		012E538B2A03380200EB55A9 = {
			isa = PBXGroup;
			children = (
				012E53AB2A03393000EB55A9 /* README.md */,
				012E53962A03380200EB55A9 /* Foody */,
				012E53952A03380200EB55A9 /* Products */,
				EC683F8068C8C44FC5AF6E34 /* Pods */,
				57FB3609D7AA9D18606F71B0 /* Frameworks */,
			);
			sourceTree = "<group>";
		};
		012E53952A03380200EB55A9 /* Products */ = {
			isa = PBXGroup;
			children = (
				012E53942A03380200EB55A9 /* Foody.app */,
			);
			name = Products;
			sourceTree = "<group>";
		};
		012E53962A03380200EB55A9 /* Foody */ = {
			isa = PBXGroup;
			children = (
				012E53AD2A03396300EB55A9 /* Config */,
				012E53AE2A03396F00EB55A9 /* Core */,
				012E53AF2A03397900EB55A9 /* Resources */,
				012E53B02A03399300EB55A9 /* Helper */,
				01BD385F2A4268880023CF63 /* Services */,
				013F89B02A09D8FB00F0F085 /* Models */,
				0160C8D82A4E29F80035D157 /* Scenes */,
			);
			path = Foody;
			sourceTree = "<group>";
		};
		012E53AD2A03396300EB55A9 /* Config */ = {
			isa = PBXGroup;
			children = (
				012E53A52A03380400EB55A9 /* Info.plist */,
			);
			path = Config;
			sourceTree = "<group>";
		};
		012E53AE2A03396F00EB55A9 /* Core */ = {
			isa = PBXGroup;
			children = (
				012E53972A03380200EB55A9 /* AppDelegate.swift */,
				012E53992A03380200EB55A9 /* SceneDelegate.swift */,
			);
			path = Core;
			sourceTree = "<group>";
		};
		012E53AF2A03397900EB55A9 /* Resources */ = {
			isa = PBXGroup;
			children = (
				012E53A02A03380400EB55A9 /* Assets.xcassets */,
				012E53A22A03380400EB55A9 /* LaunchScreen.storyboard */,
			);
			path = Resources;
			sourceTree = "<group>";
		};
		012E53B02A03399300EB55A9 /* Helper */ = {
			isa = PBXGroup;
			children = (
				0168906D2A0FB05400A61A31 /* Constant.swift */,
				0160C8E22A4E2C3D0035D157 /* Custom Cells */,
				01C26AAD2A2F619D00902E98 /* Custom Views */,
				012E53B32A0339D500EB55A9 /* Extensions */,
			);
			path = Helper;
			sourceTree = "<group>";
		};
		012E53B12A0339A300EB55A9 /* NetworkServices */ = {
			isa = PBXGroup;
			children = (
				01BD38622A4276F20023CF63 /* Endpoints */,
				01DFEC802A138E89002FC0AC /* NetworkManager.swift */,
				01DFEC822A138E94002FC0AC /* HTTPMethod.swift */,
			);
			path = NetworkServices;
			sourceTree = "<group>";
		};
		012E53B32A0339D500EB55A9 /* Extensions */ = {
			isa = PBXGroup;
			children = (
				017167A82A2F8AB60057214E /* UIImageView+Extension.swift */,
			);
			path = Extensions;
			sourceTree = "<group>";
		};
		013F89B02A09D8FB00F0F085 /* Models */ = {
			isa = PBXGroup;
			children = (
				013F89AE2A09CDFB00F0F085 /* OnboardingSlide.swift */,
				015395462A3FAC54005CF829 /* CountriesResponse.swift */,
				0191CF8A2A2EA35E008F6037 /* Country.swift */,
				015395482A3FACB1005CF829 /* FoodCategoriesResponse.swift */,
				013A089F2A0F73BA00591747 /* FoodCategory.swift */,
				015395442A3FAB84005CF829 /* MealsResponse.swift */,
				01DFEC8B2A139A7D002FC0AC /* Meal.swift */,
				01702DC72A2FE7A800CC301D /* MealDetailsResponse.swift */,
				01702DCB2A2FEAB600CC301D /* MealDetails.swift */,
				018DD0502A47E977006CD898 /* SearchResponse.swift */,
				01482F072A3A52B700F6EC46 /* Order+CoreDataClass.swift */,
				01482F082A3A52B700F6EC46 /* Order+CoreDataProperties.swift */,
				0153954A2A3FAF54005CF829 /* MealsType.swift */,
			);
			path = Models;
			sourceTree = "<group>";
		};
		01482F132A3A827600F6EC46 /* TableViewCells */ = {
			isa = PBXGroup;
			children = (
				01F3D8472A123AB900514C66 /* CartTableViewCell.swift */,
			);
			path = TableViewCells;
			sourceTree = "<group>";
		};
		0160C8D82A4E29F80035D157 /* Scenes */ = {
			isa = PBXGroup;
			children = (
				0160C8E12A4E2BE80035D157 /* Onboarding */,
				0160C8D92A4E2A0D0035D157 /* Home */,
				0160C8DA2A4E2A170035D157 /* Countries */,
				0160C8DB2A4E2A360035D157 /* FoodCategory */,
				0160C8E02A4E2BC80035D157 /* Meals */,
				0160C8DC2A4E2A430035D157 /* Search */,
				0160C8DD2A4E2A5A0035D157 /* Meal Details */,
				0160C8DE2A4E2A6E0035D157 /* Add to Cart */,
				0160C8DF2A4E2A7E0035D157 /* Cart */,
			);
			path = Scenes;
			sourceTree = "<group>";
		};
		0160C8D92A4E2A0D0035D157 /* Home */ = {
			isa = PBXGroup;
			children = (
				01959C842A37107C00DFCD1D /* HomeCollectionViewController.swift */,
				01C2F83C2A390032001E045F /* HomeCollectionViewControllerSection.swift */,
				01703E612A43B5D4002C69E6 /* CountriesSection.swift */,
				01C2F8392A38C0B9001E045F /* FoodCategoriesSection.swift */,
			);
			path = Home;
			sourceTree = "<group>";
		};
		0160C8DA2A4E2A170035D157 /* Countries */ = {
			isa = PBXGroup;
			children = (
				015F1EDF2A3FEC6E005B2D7E /* CountriesCollectionViewController.swift */,
				0191CF882A2EA052008F6037 /* CountriesViewModel.swift */,
			);
			path = Countries;
			sourceTree = "<group>";
		};
		0160C8DB2A4E2A360035D157 /* FoodCategory */ = {
			isa = PBXGroup;
			children = (
				01482F112A3A81C900F6EC46 /* FoodCategoriesCollectionViewController.swift */,
				0182DC6A2A1CF48700DEB392 /* FoodCategoriesViewModel.swift */,
			);
			path = FoodCategory;
			sourceTree = "<group>";
		};
		0160C8DC2A4E2A430035D157 /* Search */ = {
			isa = PBXGroup;
			children = (
				01482F0C2A3A6C1400F6EC46 /* SearchCollectionViewController.swift */,
				01482F0E2A3A771600F6EC46 /* SearchViewModel.swift */,
			);
			path = Search;
			sourceTree = "<group>";
		};
		0160C8DD2A4E2A5A0035D157 /* Meal Details */ = {
			isa = PBXGroup;
			children = (
				01702DCD2A2FF35B00CC301D /* MealDetailsView.swift */,
				01F3D83F2A12262C00514C66 /* MealDetailsViewController.swift */,
				01702DC52A2FE77300CC301D /* MealDetailsViewModel.swift */,
			);
			path = "Meal Details";
			sourceTree = "<group>";
		};
		0160C8DE2A4E2A6E0035D157 /* Add to Cart */ = {
			isa = PBXGroup;
			children = (
				01482F032A3A1E3300F6EC46 /* AddToCartView.swift */,
				01482F012A3A1E1700F6EC46 /* AddToCartViewController.swift */,
				01482F052A3A47DF00F6EC46 /* AddToCartViewModel.swift */,
			);
			path = "Add to Cart";
			sourceTree = "<group>";
		};
		0160C8DF2A4E2A7E0035D157 /* Cart */ = {
			isa = PBXGroup;
			children = (
				01F3D8422A12396D00514C66 /* CartTableViewController.swift */,
				015F1EE32A3FFC2B005B2D7E /* CartViewModel.swift */,
			);
			path = Cart;
			sourceTree = "<group>";
		};
		0160C8E02A4E2BC80035D157 /* Meals */ = {
			isa = PBXGroup;
			children = (
				01B628982A3FA63700CD911A /* MealsCollectionViewController.swift */,
				017167AA2A2F93AF0057214E /* MealsViewModel.swift */,
			);
			path = Meals;
			sourceTree = "<group>";
		};
		0160C8E12A4E2BE80035D157 /* Onboarding */ = {
			isa = PBXGroup;
			children = (
				012E53B52A03408500EB55A9 /* OnboardingViewController.swift */,
				013F89AC2A09C8CB00F0F085 /* OnboardingCollectionViewCell.swift */,
			);
			path = Onboarding;
			sourceTree = "<group>";
		};
		0160C8E22A4E2C3D0035D157 /* Custom Cells */ = {
			isa = PBXGroup;
			children = (
				01482F132A3A827600F6EC46 /* TableViewCells */,
				0191CF7F2A2E7E7B008F6037 /* CollectionViewCells */,
			);
			path = "Custom Cells";
			sourceTree = "<group>";
		};
		018E656C2A34CED6008433EB /* CoreDataServices */ = {
			isa = PBXGroup;
			children = (
				018E65742A34D083008433EB /* CoreDataManager.swift */,
				018E65762A34E0C2008433EB /* OrderManager.swift */,
				018E656D2A34CEF7008433EB /* Foody.xcdatamodeld */,
			);
			path = CoreDataServices;
			sourceTree = "<group>";
		};
		0191CF7F2A2E7E7B008F6037 /* CollectionViewCells */ = {
			isa = PBXGroup;
			children = (
				0191CF802A2E7EC1008F6037 /* CountryCollectionViewCell.swift */,
				016890682A0F972D00A61A31 /* FoodCategoryCollectionViewCell.swift */,
				0191CF842A2E8D2D008F6037 /* MealCollectionViewCell.swift */,
			);
			path = CollectionViewCells;
			sourceTree = "<group>";
		};
		01BD385F2A4268880023CF63 /* Services */ = {
			isa = PBXGroup;
			children = (
				01DFEC862A1397A4002FC0AC /* CustomError.swift */,
				018E656C2A34CED6008433EB /* CoreDataServices */,
				012E53B12A0339A300EB55A9 /* NetworkServices */,
			);
			path = Services;
			sourceTree = "<group>";
		};
		01BD38622A4276F20023CF63 /* Endpoints */ = {
			isa = PBXGroup;
			children = (
				01DFEC842A138F47002FC0AC /* Endpoint.swift */,
				01BD38602A4276E60023CF63 /* MealDBEndpoint.swift */,
			);
			path = Endpoints;
			sourceTree = "<group>";
		};
		01C26AAD2A2F619D00902E98 /* Custom Views */ = {
			isa = PBXGroup;
			children = (
				0168906F2A0FB15000A61A31 /* CardView.swift */,
				0168906A2A0F9ECE00A61A31 /* HeaderTitleCollectionReusableView.swift */,
			);
			path = "Custom Views";
			sourceTree = "<group>";
		};
		57FB3609D7AA9D18606F71B0 /* Frameworks */ = {
			isa = PBXGroup;
			children = (
				254123C02155A5A3882540AC /* Pods_Foody.framework */,
			);
			name = Frameworks;
			sourceTree = "<group>";
		};
		EC683F8068C8C44FC5AF6E34 /* Pods */ = {
			isa = PBXGroup;
			children = (
				16CFADB6DC8D19571CB3667E /* Pods-Foody.debug.xcconfig */,
				DC2ED13C82A16A4DA493E4FB /* Pods-Foody.release.xcconfig */,
			);
			path = Pods;
			sourceTree = "<group>";
		};
/* End PBXGroup section */

/* Begin PBXNativeTarget section */
		012E53932A03380200EB55A9 /* Foody */ = {
			isa = PBXNativeTarget;
			buildConfigurationList = 012E53A82A03380400EB55A9 /* Build configuration list for PBXNativeTarget "Foody" */;
			buildPhases = (
				66C58946CF5AD9D48D5A51EE /* [CP] Check Pods Manifest.lock */,
				012E53902A03380200EB55A9 /* Sources */,
				012E53912A03380200EB55A9 /* Frameworks */,
				012E53922A03380200EB55A9 /* Resources */,
				D6A13CBFC0BD725063809E73 /* [CP] Embed Pods Frameworks */,
			);
			buildRules = (
			);
			dependencies = (
			);
			name = Foody;
			productName = Foody;
			productReference = 012E53942A03380200EB55A9 /* Foody.app */;
			productType = "com.apple.product-type.application";
		};
/* End PBXNativeTarget section */

/* Begin PBXProject section */
		012E538C2A03380200EB55A9 /* Project object */ = {
			isa = PBXProject;
			attributes = {
				BuildIndependentTargetsInParallel = 1;
				LastSwiftUpdateCheck = 1430;
				LastUpgradeCheck = 1430;
				TargetAttributes = {
					012E53932A03380200EB55A9 = {
						CreatedOnToolsVersion = 14.3;
					};
				};
			};
			buildConfigurationList = 012E538F2A03380200EB55A9 /* Build configuration list for PBXProject "Foody" */;
			compatibilityVersion = "Xcode 14.0";
			developmentRegion = en;
			hasScannedForEncodings = 0;
			knownRegions = (
				en,
				Base,
			);
			mainGroup = 012E538B2A03380200EB55A9;
			productRefGroup = 012E53952A03380200EB55A9 /* Products */;
			projectDirPath = "";
			projectRoot = "";
			targets = (
				012E53932A03380200EB55A9 /* Foody */,
			);
		};
/* End PBXProject section */

/* Begin PBXResourcesBuildPhase section */
		012E53922A03380200EB55A9 /* Resources */ = {
			isa = PBXResourcesBuildPhase;
			buildActionMask = 2147483647;
			files = (
				012E53A42A03380400EB55A9 /* LaunchScreen.storyboard in Resources */,
				012E53A12A03380400EB55A9 /* Assets.xcassets in Resources */,
				012E53AC2A03393000EB55A9 /* README.md in Resources */,
			);
			runOnlyForDeploymentPostprocessing = 0;
		};
/* End PBXResourcesBuildPhase section */

/* Begin PBXShellScriptBuildPhase section */
		66C58946CF5AD9D48D5A51EE /* [CP] Check Pods Manifest.lock */ = {
			isa = PBXShellScriptBuildPhase;
			buildActionMask = 2147483647;
			files = (
			);
			inputFileListPaths = (
			);
			inputPaths = (
				"${PODS_PODFILE_DIR_PATH}/Podfile.lock",
				"${PODS_ROOT}/Manifest.lock",
			);
			name = "[CP] Check Pods Manifest.lock";
			outputFileListPaths = (
			);
			outputPaths = (
				"$(DERIVED_FILE_DIR)/Pods-Foody-checkManifestLockResult.txt",
			);
			runOnlyForDeploymentPostprocessing = 0;
			shellPath = /bin/sh;
			shellScript = "diff \"${PODS_PODFILE_DIR_PATH}/Podfile.lock\" \"${PODS_ROOT}/Manifest.lock\" > /dev/null\nif [ $? != 0 ] ; then\n    # print error to STDERR\n    echo \"error: The sandbox is not in sync with the Podfile.lock. Run 'pod install' or update your CocoaPods installation.\" >&2\n    exit 1\nfi\n# This output is used by Xcode 'outputs' to avoid re-running this script phase.\necho \"SUCCESS\" > \"${SCRIPT_OUTPUT_FILE_0}\"\n";
			showEnvVarsInLog = 0;
		};
		D6A13CBFC0BD725063809E73 /* [CP] Embed Pods Frameworks */ = {
			isa = PBXShellScriptBuildPhase;
			buildActionMask = 2147483647;
			files = (
			);
			inputFileListPaths = (
				"${PODS_ROOT}/Target Support Files/Pods-Foody/Pods-Foody-frameworks-${CONFIGURATION}-input-files.xcfilelist",
			);
			name = "[CP] Embed Pods Frameworks";
			outputFileListPaths = (
				"${PODS_ROOT}/Target Support Files/Pods-Foody/Pods-Foody-frameworks-${CONFIGURATION}-output-files.xcfilelist",
			);
			runOnlyForDeploymentPostprocessing = 0;
			shellPath = /bin/sh;
			shellScript = "\"${PODS_ROOT}/Target Support Files/Pods-Foody/Pods-Foody-frameworks.sh\"\n";
			showEnvVarsInLog = 0;
		};
/* End PBXShellScriptBuildPhase section */

/* Begin PBXSourcesBuildPhase section */
		012E53902A03380200EB55A9 /* Sources */ = {
			isa = PBXSourcesBuildPhase;
			buildActionMask = 2147483647;
			files = (
				01482F022A3A1E1700F6EC46 /* AddToCartViewController.swift in Sources */,
				01DFEC852A138F47002FC0AC /* Endpoint.swift in Sources */,
				0191CF892A2EA052008F6037 /* CountriesViewModel.swift in Sources */,
				01DFEC832A138E94002FC0AC /* HTTPMethod.swift in Sources */,
				012E53982A03380200EB55A9 /* AppDelegate.swift in Sources */,
				0182DC6B2A1CF48700DEB392 /* FoodCategoriesViewModel.swift in Sources */,
				01DFEC812A138E89002FC0AC /* NetworkManager.swift in Sources */,
				0191CF812A2E7EC1008F6037 /* CountryCollectionViewCell.swift in Sources */,
				018DD0512A47E977006CD898 /* SearchResponse.swift in Sources */,
				017167AB2A2F93AF0057214E /* MealsViewModel.swift in Sources */,
				01482F062A3A47DF00F6EC46 /* AddToCartViewModel.swift in Sources */,
				015395472A3FAC54005CF829 /* CountriesResponse.swift in Sources */,
				01F3D8432A12396D00514C66 /* CartTableViewController.swift in Sources */,
				01482F042A3A1E3300F6EC46 /* AddToCartView.swift in Sources */,
				01BD38612A4276E60023CF63 /* MealDBEndpoint.swift in Sources */,
				01702DCE2A2FF35B00CC301D /* MealDetailsView.swift in Sources */,
				012E539A2A03380200EB55A9 /* SceneDelegate.swift in Sources */,
				01C2F83D2A390032001E045F /* HomeCollectionViewControllerSection.swift in Sources */,
				01482F092A3A52B700F6EC46 /* Order+CoreDataClass.swift in Sources */,
				018E65772A34E0C2008433EB /* OrderManager.swift in Sources */,
				013A08A02A0F73BA00591747 /* FoodCategory.swift in Sources */,
				013F89AF2A09CDFB00F0F085 /* OnboardingSlide.swift in Sources */,
				01DFEC8C2A139A7D002FC0AC /* Meal.swift in Sources */,
				01702DC82A2FE7A800CC301D /* MealDetailsResponse.swift in Sources */,
				018E65752A34D083008433EB /* CoreDataManager.swift in Sources */,
				01702DC62A2FE77300CC301D /* MealDetailsViewModel.swift in Sources */,
				016890692A0F972D00A61A31 /* FoodCategoryCollectionViewCell.swift in Sources */,
				016890702A0FB15000A61A31 /* CardView.swift in Sources */,
				01959C852A37107C00DFCD1D /* HomeCollectionViewController.swift in Sources */,
				0191CF852A2E8D2D008F6037 /* MealCollectionViewCell.swift in Sources */,
				015F1EE02A3FEC6E005B2D7E /* CountriesCollectionViewController.swift in Sources */,
				015F1EE42A3FFC2B005B2D7E /* CartViewModel.swift in Sources */,
				01482F0D2A3A6C1400F6EC46 /* SearchCollectionViewController.swift in Sources */,
				01702DCC2A2FEAB600CC301D /* MealDetails.swift in Sources */,
				01482F0A2A3A52B700F6EC46 /* Order+CoreDataProperties.swift in Sources */,
				01482F0F2A3A771600F6EC46 /* SearchViewModel.swift in Sources */,
				01F3D8402A12262C00514C66 /* MealDetailsViewController.swift in Sources */,
				012E53B62A03408600EB55A9 /* OnboardingViewController.swift in Sources */,
				017167A92A2F8AB60057214E /* UIImageView+Extension.swift in Sources */,
				015395492A3FACB1005CF829 /* FoodCategoriesResponse.swift in Sources */,
				01DFEC872A1397A4002FC0AC /* CustomError.swift in Sources */,
				018E656F2A34CEF7008433EB /* Foody.xcdatamodeld in Sources */,
				01F3D8482A123AB900514C66 /* CartTableViewCell.swift in Sources */,
				013F89AD2A09C8CB00F0F085 /* OnboardingCollectionViewCell.swift in Sources */,
				0168906B2A0F9ECE00A61A31 /* HeaderTitleCollectionReusableView.swift in Sources */,
				01C2F83A2A38C0B9001E045F /* FoodCategoriesSection.swift in Sources */,
				015395452A3FAB84005CF829 /* MealsResponse.swift in Sources */,
				0191CF8B2A2EA35E008F6037 /* Country.swift in Sources */,
				0153954B2A3FAF54005CF829 /* MealsType.swift in Sources */,
				0168906E2A0FB05400A61A31 /* Constant.swift in Sources */,
				01B628992A3FA63700CD911A /* MealsCollectionViewController.swift in Sources */,
				01482F122A3A81C900F6EC46 /* FoodCategoriesCollectionViewController.swift in Sources */,
				01703E622A43B5D4002C69E6 /* CountriesSection.swift in Sources */,
			);
			runOnlyForDeploymentPostprocessing = 0;
		};
/* End PBXSourcesBuildPhase section */

/* Begin PBXVariantGroup section */
		012E53A22A03380400EB55A9 /* LaunchScreen.storyboard */ = {
			isa = PBXVariantGroup;
			children = (
				012E53A32A03380400EB55A9 /* Base */,
			);
			name = LaunchScreen.storyboard;
			sourceTree = "<group>";
		};
/* End PBXVariantGroup section */

/* Begin XCBuildConfiguration section */
		012E53A62A03380400EB55A9 /* Debug */ = {
			isa = XCBuildConfiguration;
			buildSettings = {
				ALWAYS_SEARCH_USER_PATHS = NO;
				CLANG_ANALYZER_NONNULL = YES;
				CLANG_ANALYZER_NUMBER_OBJECT_CONVERSION = YES_AGGRESSIVE;
				CLANG_CXX_LANGUAGE_STANDARD = "gnu++20";
				CLANG_ENABLE_MODULES = YES;
				CLANG_ENABLE_OBJC_ARC = YES;
				CLANG_ENABLE_OBJC_WEAK = YES;
				CLANG_WARN_BLOCK_CAPTURE_AUTORELEASING = YES;
				CLANG_WARN_BOOL_CONVERSION = YES;
				CLANG_WARN_COMMA = YES;
				CLANG_WARN_CONSTANT_CONVERSION = YES;
				CLANG_WARN_DEPRECATED_OBJC_IMPLEMENTATIONS = YES;
				CLANG_WARN_DIRECT_OBJC_ISA_USAGE = YES_ERROR;
				CLANG_WARN_DOCUMENTATION_COMMENTS = YES;
				CLANG_WARN_EMPTY_BODY = YES;
				CLANG_WARN_ENUM_CONVERSION = YES;
				CLANG_WARN_INFINITE_RECURSION = YES;
				CLANG_WARN_INT_CONVERSION = YES;
				CLANG_WARN_NON_LITERAL_NULL_CONVERSION = YES;
				CLANG_WARN_OBJC_IMPLICIT_RETAIN_SELF = YES;
				CLANG_WARN_OBJC_LITERAL_CONVERSION = YES;
				CLANG_WARN_OBJC_ROOT_CLASS = YES_ERROR;
				CLANG_WARN_QUOTED_INCLUDE_IN_FRAMEWORK_HEADER = YES;
				CLANG_WARN_RANGE_LOOP_ANALYSIS = YES;
				CLANG_WARN_STRICT_PROTOTYPES = YES;
				CLANG_WARN_SUSPICIOUS_MOVE = YES;
				CLANG_WARN_UNGUARDED_AVAILABILITY = YES_AGGRESSIVE;
				CLANG_WARN_UNREACHABLE_CODE = YES;
				CLANG_WARN__DUPLICATE_METHOD_MATCH = YES;
				COPY_PHASE_STRIP = NO;
				DEBUG_INFORMATION_FORMAT = dwarf;
				ENABLE_STRICT_OBJC_MSGSEND = YES;
				ENABLE_TESTABILITY = YES;
				GCC_C_LANGUAGE_STANDARD = gnu11;
				GCC_DYNAMIC_NO_PIC = NO;
				GCC_NO_COMMON_BLOCKS = YES;
				GCC_OPTIMIZATION_LEVEL = 0;
				GCC_PREPROCESSOR_DEFINITIONS = (
					"DEBUG=1",
					"$(inherited)",
				);
				GCC_WARN_64_TO_32_BIT_CONVERSION = YES;
				GCC_WARN_ABOUT_RETURN_TYPE = YES_ERROR;
				GCC_WARN_UNDECLARED_SELECTOR = YES;
				GCC_WARN_UNINITIALIZED_AUTOS = YES_AGGRESSIVE;
				GCC_WARN_UNUSED_FUNCTION = YES;
				GCC_WARN_UNUSED_VARIABLE = YES;
				IPHONEOS_DEPLOYMENT_TARGET = 16.4;
				MTL_ENABLE_DEBUG_INFO = INCLUDE_SOURCE;
				MTL_FAST_MATH = YES;
				ONLY_ACTIVE_ARCH = YES;
				SDKROOT = iphoneos;
				SWIFT_ACTIVE_COMPILATION_CONDITIONS = DEBUG;
				SWIFT_OPTIMIZATION_LEVEL = "-Onone";
			};
			name = Debug;
		};
		012E53A72A03380400EB55A9 /* Release */ = {
			isa = XCBuildConfiguration;
			buildSettings = {
				ALWAYS_SEARCH_USER_PATHS = NO;
				CLANG_ANALYZER_NONNULL = YES;
				CLANG_ANALYZER_NUMBER_OBJECT_CONVERSION = YES_AGGRESSIVE;
				CLANG_CXX_LANGUAGE_STANDARD = "gnu++20";
				CLANG_ENABLE_MODULES = YES;
				CLANG_ENABLE_OBJC_ARC = YES;
				CLANG_ENABLE_OBJC_WEAK = YES;
				CLANG_WARN_BLOCK_CAPTURE_AUTORELEASING = YES;
				CLANG_WARN_BOOL_CONVERSION = YES;
				CLANG_WARN_COMMA = YES;
				CLANG_WARN_CONSTANT_CONVERSION = YES;
				CLANG_WARN_DEPRECATED_OBJC_IMPLEMENTATIONS = YES;
				CLANG_WARN_DIRECT_OBJC_ISA_USAGE = YES_ERROR;
				CLANG_WARN_DOCUMENTATION_COMMENTS = YES;
				CLANG_WARN_EMPTY_BODY = YES;
				CLANG_WARN_ENUM_CONVERSION = YES;
				CLANG_WARN_INFINITE_RECURSION = YES;
				CLANG_WARN_INT_CONVERSION = YES;
				CLANG_WARN_NON_LITERAL_NULL_CONVERSION = YES;
				CLANG_WARN_OBJC_IMPLICIT_RETAIN_SELF = YES;
				CLANG_WARN_OBJC_LITERAL_CONVERSION = YES;
				CLANG_WARN_OBJC_ROOT_CLASS = YES_ERROR;
				CLANG_WARN_QUOTED_INCLUDE_IN_FRAMEWORK_HEADER = YES;
				CLANG_WARN_RANGE_LOOP_ANALYSIS = YES;
				CLANG_WARN_STRICT_PROTOTYPES = YES;
				CLANG_WARN_SUSPICIOUS_MOVE = YES;
				CLANG_WARN_UNGUARDED_AVAILABILITY = YES_AGGRESSIVE;
				CLANG_WARN_UNREACHABLE_CODE = YES;
				CLANG_WARN__DUPLICATE_METHOD_MATCH = YES;
				COPY_PHASE_STRIP = NO;
				DEBUG_INFORMATION_FORMAT = "dwarf-with-dsym";
				ENABLE_NS_ASSERTIONS = NO;
				ENABLE_STRICT_OBJC_MSGSEND = YES;
				GCC_C_LANGUAGE_STANDARD = gnu11;
				GCC_NO_COMMON_BLOCKS = YES;
				GCC_WARN_64_TO_32_BIT_CONVERSION = YES;
				GCC_WARN_ABOUT_RETURN_TYPE = YES_ERROR;
				GCC_WARN_UNDECLARED_SELECTOR = YES;
				GCC_WARN_UNINITIALIZED_AUTOS = YES_AGGRESSIVE;
				GCC_WARN_UNUSED_FUNCTION = YES;
				GCC_WARN_UNUSED_VARIABLE = YES;
				IPHONEOS_DEPLOYMENT_TARGET = 16.4;
				MTL_ENABLE_DEBUG_INFO = NO;
				MTL_FAST_MATH = YES;
				SDKROOT = iphoneos;
				SWIFT_COMPILATION_MODE = wholemodule;
				SWIFT_OPTIMIZATION_LEVEL = "-O";
				VALIDATE_PRODUCT = YES;
			};
			name = Release;
		};
		012E53A92A03380400EB55A9 /* Debug */ = {
			isa = XCBuildConfiguration;
			baseConfigurationReference = 16CFADB6DC8D19571CB3667E /* Pods-Foody.debug.xcconfig */;
			buildSettings = {
				ASSETCATALOG_COMPILER_APPICON_NAME = AppIcon;
				ASSETCATALOG_COMPILER_GLOBAL_ACCENT_COLOR_NAME = AccentColor;
				ASSETCATALOG_COMPILER_INCLUDE_ALL_APPICON_ASSETS = NO;
				CODE_SIGN_STYLE = Automatic;
				CURRENT_PROJECT_VERSION = 1;
				DEVELOPMENT_TEAM = R7KL845XH9;
				GENERATE_INFOPLIST_FILE = YES;
				INFOPLIST_FILE = Foody/Config/Info.plist;
				INFOPLIST_KEY_CFBundleDisplayName = Foody;
				INFOPLIST_KEY_LSApplicationCategoryType = "public.app-category.food-and-drink";
				INFOPLIST_KEY_UIApplicationSupportsIndirectInputEvents = YES;
				INFOPLIST_KEY_UILaunchStoryboardName = LaunchScreen.storyboard;
				INFOPLIST_KEY_UISupportedInterfaceOrientations_iPad = "UIInterfaceOrientationPortrait UIInterfaceOrientationPortraitUpsideDown UIInterfaceOrientationLandscapeLeft UIInterfaceOrientationLandscapeRight";
				INFOPLIST_KEY_UISupportedInterfaceOrientations_iPhone = "UIInterfaceOrientationPortrait UIInterfaceOrientationLandscapeLeft UIInterfaceOrientationLandscapeRight";
				IPHONEOS_DEPLOYMENT_TARGET = 15.0;
				LD_RUNPATH_SEARCH_PATHS = (
					"$(inherited)",
					"@executable_path/Frameworks",
				);
				MARKETING_VERSION = 1.0;
				PRODUCT_BUNDLE_IDENTIFIER = mohamed.khater.com.Foody;
				PRODUCT_NAME = "$(TARGET_NAME)";
				SWIFT_EMIT_LOC_STRINGS = YES;
				SWIFT_VERSION = 5.0;
				TARGETED_DEVICE_FAMILY = "1,2";
			};
			name = Debug;
		};
		012E53AA2A03380400EB55A9 /* Release */ = {
			isa = XCBuildConfiguration;
			baseConfigurationReference = DC2ED13C82A16A4DA493E4FB /* Pods-Foody.release.xcconfig */;
			buildSettings = {
				ASSETCATALOG_COMPILER_APPICON_NAME = AppIcon;
				ASSETCATALOG_COMPILER_GLOBAL_ACCENT_COLOR_NAME = AccentColor;
				ASSETCATALOG_COMPILER_INCLUDE_ALL_APPICON_ASSETS = NO;
				CODE_SIGN_STYLE = Automatic;
				CURRENT_PROJECT_VERSION = 1;
				DEVELOPMENT_TEAM = R7KL845XH9;
				GENERATE_INFOPLIST_FILE = YES;
				INFOPLIST_FILE = Foody/Config/Info.plist;
				INFOPLIST_KEY_CFBundleDisplayName = Foody;
				INFOPLIST_KEY_LSApplicationCategoryType = "public.app-category.food-and-drink";
				INFOPLIST_KEY_UIApplicationSupportsIndirectInputEvents = YES;
				INFOPLIST_KEY_UILaunchStoryboardName = LaunchScreen.storyboard;
				INFOPLIST_KEY_UISupportedInterfaceOrientations_iPad = "UIInterfaceOrientationPortrait UIInterfaceOrientationPortraitUpsideDown UIInterfaceOrientationLandscapeLeft UIInterfaceOrientationLandscapeRight";
				INFOPLIST_KEY_UISupportedInterfaceOrientations_iPhone = "UIInterfaceOrientationPortrait UIInterfaceOrientationLandscapeLeft UIInterfaceOrientationLandscapeRight";
				IPHONEOS_DEPLOYMENT_TARGET = 15.0;
				LD_RUNPATH_SEARCH_PATHS = (
					"$(inherited)",
					"@executable_path/Frameworks",
				);
				MARKETING_VERSION = 1.0;
				PRODUCT_BUNDLE_IDENTIFIER = mohamed.khater.com.Foody;
				PRODUCT_NAME = "$(TARGET_NAME)";
				SWIFT_EMIT_LOC_STRINGS = YES;
				SWIFT_VERSION = 5.0;
				TARGETED_DEVICE_FAMILY = "1,2";
			};
			name = Release;
		};
/* End XCBuildConfiguration section */

/* Begin XCConfigurationList section */
		012E538F2A03380200EB55A9 /* Build configuration list for PBXProject "Foody" */ = {
			isa = XCConfigurationList;
			buildConfigurations = (
				012E53A62A03380400EB55A9 /* Debug */,
				012E53A72A03380400EB55A9 /* Release */,
			);
			defaultConfigurationIsVisible = 0;
			defaultConfigurationName = Release;
		};
		012E53A82A03380400EB55A9 /* Build configuration list for PBXNativeTarget "Foody" */ = {
			isa = XCConfigurationList;
			buildConfigurations = (
				012E53A92A03380400EB55A9 /* Debug */,
				012E53AA2A03380400EB55A9 /* Release */,
			);
			defaultConfigurationIsVisible = 0;
			defaultConfigurationName = Release;
		};
/* End XCConfigurationList section */

/* Begin XCVersionGroup section */
		018E656D2A34CEF7008433EB /* Foody.xcdatamodeld */ = {
			isa = XCVersionGroup;
			children = (
				018E656E2A34CEF7008433EB /* Foody.xcdatamodel */,
			);
			currentVersion = 018E656E2A34CEF7008433EB /* Foody.xcdatamodel */;
			path = Foody.xcdatamodeld;
			sourceTree = "<group>";
			versionGroupType = wrapper.xcdatamodel;
		};
/* End XCVersionGroup section */
	};
	rootObject = 012E538C2A03380200EB55A9 /* Project object */;
}
