// !$*UTF8*$!
{
	archiveVersion = 1;
	classes = {
	};
	objectVersion = 56;
	objects = {

/* Begin PBXBuildFile section */
		012E53982A03380200EB55A9 /* AppDelegate.swift in Sources */ = {isa = PBXBuildFile; fileRef = 012E53972A03380200EB55A9 /* AppDelegate.swift */; };
		012E539A2A03380200EB55A9 /* SceneDelegate.swift in Sources */ = {isa = PBXBuildFile; fileRef = 012E53992A03380200EB55A9 /* SceneDelegate.swift */; };
		012E53A12A03380400EB55A9 /* Assets.xcassets in Resources */ = {isa = PBXBuildFile; fileRef = 012E53A02A03380400EB55A9 /* Assets.xcassets */; };
		012E53A42A03380400EB55A9 /* LaunchScreen.storyboard in Resources */ = {isa = PBXBuildFile; fileRef = 012E53A22A03380400EB55A9 /* LaunchScreen.storyboard */; };
		012E53AC2A03393000EB55A9 /* README.md in Resources */ = {isa = PBXBuildFile; fileRef = 012E53AB2A03393000EB55A9 /* README.md */; };
		012E53B62A03408600EB55A9 /* OnboardingViewController.swift in Sources */ = {isa = PBXBuildFile; fileRef = 012E53B52A03408500EB55A9 /* OnboardingViewController.swift */; };
		013A089E2A0F6CCC00591747 /* HomeViewController.swift in Sources */ = {isa = PBXBuildFile; fileRef = 013A089D2A0F6CCC00591747 /* HomeViewController.swift */; };
		013A08A02A0F73BA00591747 /* FoodCategory.swift in Sources */ = {isa = PBXBuildFile; fileRef = 013A089F2A0F73BA00591747 /* FoodCategory.swift */; };
		013F89AD2A09C8CB00F0F085 /* OnboardingCollectionViewCell.swift in Sources */ = {isa = PBXBuildFile; fileRef = 013F89AC2A09C8CB00F0F085 /* OnboardingCollectionViewCell.swift */; };
		013F89AF2A09CDFB00F0F085 /* OnboardingSlide.swift in Sources */ = {isa = PBXBuildFile; fileRef = 013F89AE2A09CDFB00F0F085 /* OnboardingSlide.swift */; };
		016890622A0F853E00A61A31 /* CollectionViewSectionConfiguration.swift in Sources */ = {isa = PBXBuildFile; fileRef = 016890612A0F853E00A61A31 /* CollectionViewSectionConfiguration.swift */; };
		016890662A0F89E300A61A31 /* FoodCategorySection.swift in Sources */ = {isa = PBXBuildFile; fileRef = 016890652A0F89E300A61A31 /* FoodCategorySection.swift */; };
		016890692A0F972D00A61A31 /* FoodCategoryCollectionViewCell.swift in Sources */ = {isa = PBXBuildFile; fileRef = 016890682A0F972D00A61A31 /* FoodCategoryCollectionViewCell.swift */; };
		0168906B2A0F9ECE00A61A31 /* TitleHeaderCollectionReusableView.swift in Sources */ = {isa = PBXBuildFile; fileRef = 0168906A2A0F9ECE00A61A31 /* TitleHeaderCollectionReusableView.swift */; };
		0168906E2A0FB05400A61A31 /* Constant.swift in Sources */ = {isa = PBXBuildFile; fileRef = 0168906D2A0FB05400A61A31 /* Constant.swift */; };
		016890702A0FB15000A61A31 /* CardView.swift in Sources */ = {isa = PBXBuildFile; fileRef = 0168906F2A0FB15000A61A31 /* CardView.swift */; };
		016890742A0FBF5000A61A31 /* DishPortraitCollectionViewCell.swift in Sources */ = {isa = PBXBuildFile; fileRef = 016890732A0FBF5000A61A31 /* DishPortraitCollectionViewCell.swift */; };
		016890762A0FC39600A61A31 /* PopularDishesSection.swift in Sources */ = {isa = PBXBuildFile; fileRef = 016890752A0FC39600A61A31 /* PopularDishesSection.swift */; };
		016890782A0FC43F00A61A31 /* Dish.swift in Sources */ = {isa = PBXBuildFile; fileRef = 016890772A0FC43F00A61A31 /* Dish.swift */; };
		01F3D83B2A1209A000514C66 /* DishLandscapeCollectionViewCell.swift in Sources */ = {isa = PBXBuildFile; fileRef = 01F3D83A2A1209A000514C66 /* DishLandscapeCollectionViewCell.swift */; };
		01F3D83D2A120D6B00514C66 /* ChefSpecialSection.swift in Sources */ = {isa = PBXBuildFile; fileRef = 01F3D83C2A120D6A00514C66 /* ChefSpecialSection.swift */; };
		9849F108B588286846FBF4A2 /* Pods_Foody.framework in Frameworks */ = {isa = PBXBuildFile; fileRef = 254123C02155A5A3882540AC /* Pods_Foody.framework */; };
/* End PBXBuildFile section */

/* Begin PBXFileReference section */
		012E53942A03380200EB55A9 /* Foody.app */ = {isa = PBXFileReference; explicitFileType = wrapper.application; includeInIndex = 0; path = Foody.app; sourceTree = BUILT_PRODUCTS_DIR; };
		012E53972A03380200EB55A9 /* AppDelegate.swift */ = {isa = PBXFileReference; lastKnownFileType = sourcecode.swift; path = AppDelegate.swift; sourceTree = "<group>"; };
		012E53992A03380200EB55A9 /* SceneDelegate.swift */ = {isa = PBXFileReference; lastKnownFileType = sourcecode.swift; path = SceneDelegate.swift; sourceTree = "<group>"; };
		012E53A02A03380400EB55A9 /* Assets.xcassets */ = {isa = PBXFileReference; lastKnownFileType = folder.assetcatalog; path = Assets.xcassets; sourceTree = "<group>"; };
		012E53A32A03380400EB55A9 /* Base */ = {isa = PBXFileReference; lastKnownFileType = file.storyboard; name = Base; path = Base.lproj/LaunchScreen.storyboard; sourceTree = "<group>"; };
		012E53A52A03380400EB55A9 /* Info.plist */ = {isa = PBXFileReference; lastKnownFileType = text.plist.xml; path = Info.plist; sourceTree = "<group>"; };
		012E53AB2A03393000EB55A9 /* README.md */ = {isa = PBXFileReference; fileEncoding = 4; lastKnownFileType = net.daringfireball.markdown; path = README.md; sourceTree = "<group>"; };
		012E53B52A03408500EB55A9 /* OnboardingViewController.swift */ = {isa = PBXFileReference; lastKnownFileType = sourcecode.swift; path = OnboardingViewController.swift; sourceTree = "<group>"; };
		013A089D2A0F6CCC00591747 /* HomeViewController.swift */ = {isa = PBXFileReference; lastKnownFileType = sourcecode.swift; path = HomeViewController.swift; sourceTree = "<group>"; };
		013A089F2A0F73BA00591747 /* FoodCategory.swift */ = {isa = PBXFileReference; lastKnownFileType = sourcecode.swift; path = FoodCategory.swift; sourceTree = "<group>"; };
		013F89AC2A09C8CB00F0F085 /* OnboardingCollectionViewCell.swift */ = {isa = PBXFileReference; lastKnownFileType = sourcecode.swift; path = OnboardingCollectionViewCell.swift; sourceTree = "<group>"; };
		013F89AE2A09CDFB00F0F085 /* OnboardingSlide.swift */ = {isa = PBXFileReference; lastKnownFileType = sourcecode.swift; path = OnboardingSlide.swift; sourceTree = "<group>"; };
		016890612A0F853E00A61A31 /* CollectionViewSectionConfiguration.swift */ = {isa = PBXFileReference; lastKnownFileType = sourcecode.swift; path = CollectionViewSectionConfiguration.swift; sourceTree = "<group>"; };
		016890652A0F89E300A61A31 /* FoodCategorySection.swift */ = {isa = PBXFileReference; lastKnownFileType = sourcecode.swift; path = FoodCategorySection.swift; sourceTree = "<group>"; };
		016890682A0F972D00A61A31 /* FoodCategoryCollectionViewCell.swift */ = {isa = PBXFileReference; lastKnownFileType = sourcecode.swift; path = FoodCategoryCollectionViewCell.swift; sourceTree = "<group>"; };
		0168906A2A0F9ECE00A61A31 /* TitleHeaderCollectionReusableView.swift */ = {isa = PBXFileReference; lastKnownFileType = sourcecode.swift; path = TitleHeaderCollectionReusableView.swift; sourceTree = "<group>"; };
		0168906D2A0FB05400A61A31 /* Constant.swift */ = {isa = PBXFileReference; lastKnownFileType = sourcecode.swift; path = Constant.swift; sourceTree = "<group>"; };
		0168906F2A0FB15000A61A31 /* CardView.swift */ = {isa = PBXFileReference; lastKnownFileType = sourcecode.swift; path = CardView.swift; sourceTree = "<group>"; };
		016890732A0FBF5000A61A31 /* DishPortraitCollectionViewCell.swift */ = {isa = PBXFileReference; lastKnownFileType = sourcecode.swift; path = DishPortraitCollectionViewCell.swift; sourceTree = "<group>"; };
		016890752A0FC39600A61A31 /* PopularDishesSection.swift */ = {isa = PBXFileReference; lastKnownFileType = sourcecode.swift; path = PopularDishesSection.swift; sourceTree = "<group>"; };
		016890772A0FC43F00A61A31 /* Dish.swift */ = {isa = PBXFileReference; lastKnownFileType = sourcecode.swift; path = Dish.swift; sourceTree = "<group>"; };
		01F3D83A2A1209A000514C66 /* DishLandscapeCollectionViewCell.swift */ = {isa = PBXFileReference; lastKnownFileType = sourcecode.swift; path = DishLandscapeCollectionViewCell.swift; sourceTree = "<group>"; };
		01F3D83C2A120D6A00514C66 /* ChefSpecialSection.swift */ = {isa = PBXFileReference; lastKnownFileType = sourcecode.swift; path = ChefSpecialSection.swift; sourceTree = "<group>"; };
		16CFADB6DC8D19571CB3667E /* Pods-Foody.debug.xcconfig */ = {isa = PBXFileReference; includeInIndex = 1; lastKnownFileType = text.xcconfig; name = "Pods-Foody.debug.xcconfig"; path = "Target Support Files/Pods-Foody/Pods-Foody.debug.xcconfig"; sourceTree = "<group>"; };
		254123C02155A5A3882540AC /* Pods_Foody.framework */ = {isa = PBXFileReference; explicitFileType = wrapper.framework; includeInIndex = 0; path = Pods_Foody.framework; sourceTree = BUILT_PRODUCTS_DIR; };
		DC2ED13C82A16A4DA493E4FB /* Pods-Foody.release.xcconfig */ = {isa = PBXFileReference; includeInIndex = 1; lastKnownFileType = text.xcconfig; name = "Pods-Foody.release.xcconfig"; path = "Target Support Files/Pods-Foody/Pods-Foody.release.xcconfig"; sourceTree = "<group>"; };
/* End PBXFileReference section */

/* Begin PBXFrameworksBuildPhase section */
		012E53912A03380200EB55A9 /* Frameworks */ = {
			isa = PBXFrameworksBuildPhase;
			buildActionMask = 2147483647;
			files = (
				9849F108B588286846FBF4A2 /* Pods_Foody.framework in Frameworks */,
			);
			runOnlyForDeploymentPostprocessing = 0;
		};
/* End PBXFrameworksBuildPhase section */

/* Begin PBXGroup section */
		012E538B2A03380200EB55A9 = {
			isa = PBXGroup;
			children = (
				012E53AB2A03393000EB55A9 /* README.md */,
				012E53962A03380200EB55A9 /* Foody */,
				012E53952A03380200EB55A9 /* Products */,
				EC683F8068C8C44FC5AF6E34 /* Pods */,
				57FB3609D7AA9D18606F71B0 /* Frameworks */,
			);
			sourceTree = "<group>";
		};
		012E53952A03380200EB55A9 /* Products */ = {
			isa = PBXGroup;
			children = (
				012E53942A03380200EB55A9 /* Foody.app */,
			);
			name = Products;
			sourceTree = "<group>";
		};
		012E53962A03380200EB55A9 /* Foody */ = {
			isa = PBXGroup;
			children = (
				012E53AD2A03396300EB55A9 /* Config */,
				012E53AE2A03396F00EB55A9 /* Core */,
				012E53AF2A03397900EB55A9 /* Resources */,
				012E53B02A03399300EB55A9 /* Helper */,
				012E53B12A0339A300EB55A9 /* Network */,
				013F89B02A09D8FB00F0F085 /* Models */,
				012E53B22A0339B700EB55A9 /* Scene */,
			);
			path = Foody;
			sourceTree = "<group>";
		};
		012E53AD2A03396300EB55A9 /* Config */ = {
			isa = PBXGroup;
			children = (
				012E53A52A03380400EB55A9 /* Info.plist */,
			);
			path = Config;
			sourceTree = "<group>";
		};
		012E53AE2A03396F00EB55A9 /* Core */ = {
			isa = PBXGroup;
			children = (
				012E53972A03380200EB55A9 /* AppDelegate.swift */,
				012E53992A03380200EB55A9 /* SceneDelegate.swift */,
			);
			path = Core;
			sourceTree = "<group>";
		};
		012E53AF2A03397900EB55A9 /* Resources */ = {
			isa = PBXGroup;
			children = (
				012E53A02A03380400EB55A9 /* Assets.xcassets */,
				012E53A22A03380400EB55A9 /* LaunchScreen.storyboard */,
			);
			path = Resources;
			sourceTree = "<group>";
		};
		012E53B02A03399300EB55A9 /* Helper */ = {
			isa = PBXGroup;
			children = (
				016890612A0F853E00A61A31 /* CollectionViewSectionConfiguration.swift */,
				0168906D2A0FB05400A61A31 /* Constant.swift */,
				0168906C2A0FAFF700A61A31 /* CustomViews */,
				012E53B32A0339D500EB55A9 /* Extensions */,
			);
			path = Helper;
			sourceTree = "<group>";
		};
		012E53B12A0339A300EB55A9 /* Network */ = {
			isa = PBXGroup;
			children = (
			);
			path = Network;
			sourceTree = "<group>";
		};
		012E53B22A0339B700EB55A9 /* Scene */ = {
			isa = PBXGroup;
			children = (
				012E53B42A03406900EB55A9 /* Onboarding */,
				013A089C2A0F6CAC00591747 /* Home */,
			);
			path = Scene;
			sourceTree = "<group>";
		};
		012E53B32A0339D500EB55A9 /* Extensions */ = {
			isa = PBXGroup;
			children = (
			);
			path = Extensions;
			sourceTree = "<group>";
		};
		012E53B42A03406900EB55A9 /* Onboarding */ = {
			isa = PBXGroup;
			children = (
				013F89AC2A09C8CB00F0F085 /* OnboardingCollectionViewCell.swift */,
				012E53B52A03408500EB55A9 /* OnboardingViewController.swift */,
			);
			path = Onboarding;
			sourceTree = "<group>";
		};
		013A089C2A0F6CAC00591747 /* Home */ = {
			isa = PBXGroup;
			children = (
				013A089D2A0F6CCC00591747 /* HomeViewController.swift */,
				016890632A0F85FC00A61A31 /* HomeSections */,
			);
			path = Home;
			sourceTree = "<group>";
		};
		013F89B02A09D8FB00F0F085 /* Models */ = {
			isa = PBXGroup;
			children = (
				013F89AE2A09CDFB00F0F085 /* OnboardingSlide.swift */,
				013A089F2A0F73BA00591747 /* FoodCategory.swift */,
				016890772A0FC43F00A61A31 /* Dish.swift */,
			);
			path = Models;
			sourceTree = "<group>";
		};
		016890632A0F85FC00A61A31 /* HomeSections */ = {
			isa = PBXGroup;
			children = (
				016890652A0F89E300A61A31 /* FoodCategorySection.swift */,
				016890752A0FC39600A61A31 /* PopularDishesSection.swift */,
				01F3D83C2A120D6A00514C66 /* ChefSpecialSection.swift */,
			);
			path = HomeSections;
			sourceTree = "<group>";
		};
		0168906C2A0FAFF700A61A31 /* CustomViews */ = {
			isa = PBXGroup;
			children = (
				0168906F2A0FB15000A61A31 /* CardView.swift */,
				0168906A2A0F9ECE00A61A31 /* TitleHeaderCollectionReusableView.swift */,
				016890722A0FBF0A00A61A31 /* CollectionViewCells */,
			);
			path = CustomViews;
			sourceTree = "<group>";
		};
		016890722A0FBF0A00A61A31 /* CollectionViewCells */ = {
			isa = PBXGroup;
			children = (
				016890682A0F972D00A61A31 /* FoodCategoryCollectionViewCell.swift */,
				016890732A0FBF5000A61A31 /* DishPortraitCollectionViewCell.swift */,
				01F3D83A2A1209A000514C66 /* DishLandscapeCollectionViewCell.swift */,
			);
			path = CollectionViewCells;
			sourceTree = "<group>";
		};
		57FB3609D7AA9D18606F71B0 /* Frameworks */ = {
			isa = PBXGroup;
			children = (
				254123C02155A5A3882540AC /* Pods_Foody.framework */,
			);
			name = Frameworks;
			sourceTree = "<group>";
		};
		EC683F8068C8C44FC5AF6E34 /* Pods */ = {
			isa = PBXGroup;
			children = (
				16CFADB6DC8D19571CB3667E /* Pods-Foody.debug.xcconfig */,
				DC2ED13C82A16A4DA493E4FB /* Pods-Foody.release.xcconfig */,
			);
			path = Pods;
			sourceTree = "<group>";
		};
/* End PBXGroup section */

/* Begin PBXNativeTarget section */
		012E53932A03380200EB55A9 /* Foody */ = {
			isa = PBXNativeTarget;
			buildConfigurationList = 012E53A82A03380400EB55A9 /* Build configuration list for PBXNativeTarget "Foody" */;
			buildPhases = (
				66C58946CF5AD9D48D5A51EE /* [CP] Check Pods Manifest.lock */,
				012E53902A03380200EB55A9 /* Sources */,
				012E53912A03380200EB55A9 /* Frameworks */,
				012E53922A03380200EB55A9 /* Resources */,
				B61D02CB1CAAB25D78A629D7 /* [CP] Embed Pods Frameworks */,
			);
			buildRules = (
			);
			dependencies = (
			);
			name = Foody;
			productName = Foody;
			productReference = 012E53942A03380200EB55A9 /* Foody.app */;
			productType = "com.apple.product-type.application";
		};
/* End PBXNativeTarget section */

/* Begin PBXProject section */
		012E538C2A03380200EB55A9 /* Project object */ = {
			isa = PBXProject;
			attributes = {
				BuildIndependentTargetsInParallel = 1;
				LastSwiftUpdateCheck = 1430;
				LastUpgradeCheck = 1430;
				TargetAttributes = {
					012E53932A03380200EB55A9 = {
						CreatedOnToolsVersion = 14.3;
					};
				};
			};
			buildConfigurationList = 012E538F2A03380200EB55A9 /* Build configuration list for PBXProject "Foody" */;
			compatibilityVersion = "Xcode 14.0";
			developmentRegion = en;
			hasScannedForEncodings = 0;
			knownRegions = (
				en,
				Base,
			);
			mainGroup = 012E538B2A03380200EB55A9;
			productRefGroup = 012E53952A03380200EB55A9 /* Products */;
			projectDirPath = "";
			projectRoot = "";
			targets = (
				012E53932A03380200EB55A9 /* Foody */,
			);
		};
/* End PBXProject section */

/* Begin PBXResourcesBuildPhase section */
		012E53922A03380200EB55A9 /* Resources */ = {
			isa = PBXResourcesBuildPhase;
			buildActionMask = 2147483647;
			files = (
				012E53A42A03380400EB55A9 /* LaunchScreen.storyboard in Resources */,
				012E53A12A03380400EB55A9 /* Assets.xcassets in Resources */,
				012E53AC2A03393000EB55A9 /* README.md in Resources */,
			);
			runOnlyForDeploymentPostprocessing = 0;
		};
/* End PBXResourcesBuildPhase section */

/* Begin PBXShellScriptBuildPhase section */
		66C58946CF5AD9D48D5A51EE /* [CP] Check Pods Manifest.lock */ = {
			isa = PBXShellScriptBuildPhase;
			buildActionMask = 2147483647;
			files = (
			);
			inputFileListPaths = (
			);
			inputPaths = (
				"${PODS_PODFILE_DIR_PATH}/Podfile.lock",
				"${PODS_ROOT}/Manifest.lock",
			);
			name = "[CP] Check Pods Manifest.lock";
			outputFileListPaths = (
			);
			outputPaths = (
				"$(DERIVED_FILE_DIR)/Pods-Foody-checkManifestLockResult.txt",
			);
			runOnlyForDeploymentPostprocessing = 0;
			shellPath = /bin/sh;
			shellScript = "diff \"${PODS_PODFILE_DIR_PATH}/Podfile.lock\" \"${PODS_ROOT}/Manifest.lock\" > /dev/null\nif [ $? != 0 ] ; then\n    # print error to STDERR\n    echo \"error: The sandbox is not in sync with the Podfile.lock. Run 'pod install' or update your CocoaPods installation.\" >&2\n    exit 1\nfi\n# This output is used by Xcode 'outputs' to avoid re-running this script phase.\necho \"SUCCESS\" > \"${SCRIPT_OUTPUT_FILE_0}\"\n";
			showEnvVarsInLog = 0;
		};
		B61D02CB1CAAB25D78A629D7 /* [CP] Embed Pods Frameworks */ = {
			isa = PBXShellScriptBuildPhase;
			buildActionMask = 2147483647;
			files = (
			);
			inputFileListPaths = (
				"${PODS_ROOT}/Target Support Files/Pods-Foody/Pods-Foody-frameworks-${CONFIGURATION}-input-files.xcfilelist",
			);
			name = "[CP] Embed Pods Frameworks";
			outputFileListPaths = (
				"${PODS_ROOT}/Target Support Files/Pods-Foody/Pods-Foody-frameworks-${CONFIGURATION}-output-files.xcfilelist",
			);
			runOnlyForDeploymentPostprocessing = 0;
			shellPath = /bin/sh;
			shellScript = "\"${PODS_ROOT}/Target Support Files/Pods-Foody/Pods-Foody-frameworks.sh\"\n";
			showEnvVarsInLog = 0;
		};
/* End PBXShellScriptBuildPhase section */

/* Begin PBXSourcesBuildPhase section */
		012E53902A03380200EB55A9 /* Sources */ = {
			isa = PBXSourcesBuildPhase;
			buildActionMask = 2147483647;
			files = (
				016890662A0F89E300A61A31 /* FoodCategorySection.swift in Sources */,
				012E53982A03380200EB55A9 /* AppDelegate.swift in Sources */,
				016890762A0FC39600A61A31 /* PopularDishesSection.swift in Sources */,
				01F3D83D2A120D6B00514C66 /* ChefSpecialSection.swift in Sources */,
				016890622A0F853E00A61A31 /* CollectionViewSectionConfiguration.swift in Sources */,
				012E539A2A03380200EB55A9 /* SceneDelegate.swift in Sources */,
				013A08A02A0F73BA00591747 /* FoodCategory.swift in Sources */,
				013F89AF2A09CDFB00F0F085 /* OnboardingSlide.swift in Sources */,
				016890692A0F972D00A61A31 /* FoodCategoryCollectionViewCell.swift in Sources */,
				016890742A0FBF5000A61A31 /* DishPortraitCollectionViewCell.swift in Sources */,
				01F3D83B2A1209A000514C66 /* DishLandscapeCollectionViewCell.swift in Sources */,
				016890702A0FB15000A61A31 /* CardView.swift in Sources */,
				012E53B62A03408600EB55A9 /* OnboardingViewController.swift in Sources */,
				013F89AD2A09C8CB00F0F085 /* OnboardingCollectionViewCell.swift in Sources */,
				0168906B2A0F9ECE00A61A31 /* TitleHeaderCollectionReusableView.swift in Sources */,
				016890782A0FC43F00A61A31 /* Dish.swift in Sources */,
				013A089E2A0F6CCC00591747 /* HomeViewController.swift in Sources */,
				0168906E2A0FB05400A61A31 /* Constant.swift in Sources */,
			);
			runOnlyForDeploymentPostprocessing = 0;
		};
/* End PBXSourcesBuildPhase section */

/* Begin PBXVariantGroup section */
		012E53A22A03380400EB55A9 /* LaunchScreen.storyboard */ = {
			isa = PBXVariantGroup;
			children = (
				012E53A32A03380400EB55A9 /* Base */,
			);
			name = LaunchScreen.storyboard;
			sourceTree = "<group>";
		};
/* End PBXVariantGroup section */

/* Begin XCBuildConfiguration section */
		012E53A62A03380400EB55A9 /* Debug */ = {
			isa = XCBuildConfiguration;
			buildSettings = {
				ALWAYS_SEARCH_USER_PATHS = NO;
				CLANG_ANALYZER_NONNULL = YES;
				CLANG_ANALYZER_NUMBER_OBJECT_CONVERSION = YES_AGGRESSIVE;
				CLANG_CXX_LANGUAGE_STANDARD = "gnu++20";
				CLANG_ENABLE_MODULES = YES;
				CLANG_ENABLE_OBJC_ARC = YES;
				CLANG_ENABLE_OBJC_WEAK = YES;
				CLANG_WARN_BLOCK_CAPTURE_AUTORELEASING = YES;
				CLANG_WARN_BOOL_CONVERSION = YES;
				CLANG_WARN_COMMA = YES;
				CLANG_WARN_CONSTANT_CONVERSION = YES;
				CLANG_WARN_DEPRECATED_OBJC_IMPLEMENTATIONS = YES;
				CLANG_WARN_DIRECT_OBJC_ISA_USAGE = YES_ERROR;
				CLANG_WARN_DOCUMENTATION_COMMENTS = YES;
				CLANG_WARN_EMPTY_BODY = YES;
				CLANG_WARN_ENUM_CONVERSION = YES;
				CLANG_WARN_INFINITE_RECURSION = YES;
				CLANG_WARN_INT_CONVERSION = YES;
				CLANG_WARN_NON_LITERAL_NULL_CONVERSION = YES;
				CLANG_WARN_OBJC_IMPLICIT_RETAIN_SELF = YES;
				CLANG_WARN_OBJC_LITERAL_CONVERSION = YES;
				CLANG_WARN_OBJC_ROOT_CLASS = YES_ERROR;
				CLANG_WARN_QUOTED_INCLUDE_IN_FRAMEWORK_HEADER = YES;
				CLANG_WARN_RANGE_LOOP_ANALYSIS = YES;
				CLANG_WARN_STRICT_PROTOTYPES = YES;
				CLANG_WARN_SUSPICIOUS_MOVE = YES;
				CLANG_WARN_UNGUARDED_AVAILABILITY = YES_AGGRESSIVE;
				CLANG_WARN_UNREACHABLE_CODE = YES;
				CLANG_WARN__DUPLICATE_METHOD_MATCH = YES;
				COPY_PHASE_STRIP = NO;
				DEBUG_INFORMATION_FORMAT = dwarf;
				ENABLE_STRICT_OBJC_MSGSEND = YES;
				ENABLE_TESTABILITY = YES;
				GCC_C_LANGUAGE_STANDARD = gnu11;
				GCC_DYNAMIC_NO_PIC = NO;
				GCC_NO_COMMON_BLOCKS = YES;
				GCC_OPTIMIZATION_LEVEL = 0;
				GCC_PREPROCESSOR_DEFINITIONS = (
					"DEBUG=1",
					"$(inherited)",
				);
				GCC_WARN_64_TO_32_BIT_CONVERSION = YES;
				GCC_WARN_ABOUT_RETURN_TYPE = YES_ERROR;
				GCC_WARN_UNDECLARED_SELECTOR = YES;
				GCC_WARN_UNINITIALIZED_AUTOS = YES_AGGRESSIVE;
				GCC_WARN_UNUSED_FUNCTION = YES;
				GCC_WARN_UNUSED_VARIABLE = YES;
				IPHONEOS_DEPLOYMENT_TARGET = 16.4;
				MTL_ENABLE_DEBUG_INFO = INCLUDE_SOURCE;
				MTL_FAST_MATH = YES;
				ONLY_ACTIVE_ARCH = YES;
				SDKROOT = iphoneos;
				SWIFT_ACTIVE_COMPILATION_CONDITIONS = DEBUG;
				SWIFT_OPTIMIZATION_LEVEL = "-Onone";
			};
			name = Debug;
		};
		012E53A72A03380400EB55A9 /* Release */ = {
			isa = XCBuildConfiguration;
			buildSettings = {
				ALWAYS_SEARCH_USER_PATHS = NO;
				CLANG_ANALYZER_NONNULL = YES;
				CLANG_ANALYZER_NUMBER_OBJECT_CONVERSION = YES_AGGRESSIVE;
				CLANG_CXX_LANGUAGE_STANDARD = "gnu++20";
				CLANG_ENABLE_MODULES = YES;
				CLANG_ENABLE_OBJC_ARC = YES;
				CLANG_ENABLE_OBJC_WEAK = YES;
				CLANG_WARN_BLOCK_CAPTURE_AUTORELEASING = YES;
				CLANG_WARN_BOOL_CONVERSION = YES;
				CLANG_WARN_COMMA = YES;
				CLANG_WARN_CONSTANT_CONVERSION = YES;
				CLANG_WARN_DEPRECATED_OBJC_IMPLEMENTATIONS = YES;
				CLANG_WARN_DIRECT_OBJC_ISA_USAGE = YES_ERROR;
				CLANG_WARN_DOCUMENTATION_COMMENTS = YES;
				CLANG_WARN_EMPTY_BODY = YES;
				CLANG_WARN_ENUM_CONVERSION = YES;
				CLANG_WARN_INFINITE_RECURSION = YES;
				CLANG_WARN_INT_CONVERSION = YES;
				CLANG_WARN_NON_LITERAL_NULL_CONVERSION = YES;
				CLANG_WARN_OBJC_IMPLICIT_RETAIN_SELF = YES;
				CLANG_WARN_OBJC_LITERAL_CONVERSION = YES;
				CLANG_WARN_OBJC_ROOT_CLASS = YES_ERROR;
				CLANG_WARN_QUOTED_INCLUDE_IN_FRAMEWORK_HEADER = YES;
				CLANG_WARN_RANGE_LOOP_ANALYSIS = YES;
				CLANG_WARN_STRICT_PROTOTYPES = YES;
				CLANG_WARN_SUSPICIOUS_MOVE = YES;
				CLANG_WARN_UNGUARDED_AVAILABILITY = YES_AGGRESSIVE;
				CLANG_WARN_UNREACHABLE_CODE = YES;
				CLANG_WARN__DUPLICATE_METHOD_MATCH = YES;
				COPY_PHASE_STRIP = NO;
				DEBUG_INFORMATION_FORMAT = "dwarf-with-dsym";
				ENABLE_NS_ASSERTIONS = NO;
				ENABLE_STRICT_OBJC_MSGSEND = YES;
				GCC_C_LANGUAGE_STANDARD = gnu11;
				GCC_NO_COMMON_BLOCKS = YES;
				GCC_WARN_64_TO_32_BIT_CONVERSION = YES;
				GCC_WARN_ABOUT_RETURN_TYPE = YES_ERROR;
				GCC_WARN_UNDECLARED_SELECTOR = YES;
				GCC_WARN_UNINITIALIZED_AUTOS = YES_AGGRESSIVE;
				GCC_WARN_UNUSED_FUNCTION = YES;
				GCC_WARN_UNUSED_VARIABLE = YES;
				IPHONEOS_DEPLOYMENT_TARGET = 16.4;
				MTL_ENABLE_DEBUG_INFO = NO;
				MTL_FAST_MATH = YES;
				SDKROOT = iphoneos;
				SWIFT_COMPILATION_MODE = wholemodule;
				SWIFT_OPTIMIZATION_LEVEL = "-O";
				VALIDATE_PRODUCT = YES;
			};
			name = Release;
		};
		012E53A92A03380400EB55A9 /* Debug */ = {
			isa = XCBuildConfiguration;
			baseConfigurationReference = 16CFADB6DC8D19571CB3667E /* Pods-Foody.debug.xcconfig */;
			buildSettings = {
				ASSETCATALOG_COMPILER_APPICON_NAME = AppIcon;
				ASSETCATALOG_COMPILER_GLOBAL_ACCENT_COLOR_NAME = AccentColor;
				ASSETCATALOG_COMPILER_INCLUDE_ALL_APPICON_ASSETS = NO;
				CODE_SIGN_STYLE = Automatic;
				CURRENT_PROJECT_VERSION = 1;
				DEVELOPMENT_TEAM = R7KL845XH9;
				GENERATE_INFOPLIST_FILE = YES;
				INFOPLIST_FILE = Foody/Config/Info.plist;
				INFOPLIST_KEY_CFBundleDisplayName = Foody;
				INFOPLIST_KEY_LSApplicationCategoryType = "public.app-category.food-and-drink";
				INFOPLIST_KEY_UIApplicationSupportsIndirectInputEvents = YES;
				INFOPLIST_KEY_UILaunchStoryboardName = LaunchScreen.storyboard;
				INFOPLIST_KEY_UISupportedInterfaceOrientations_iPad = "UIInterfaceOrientationPortrait UIInterfaceOrientationPortraitUpsideDown UIInterfaceOrientationLandscapeLeft UIInterfaceOrientationLandscapeRight";
				INFOPLIST_KEY_UISupportedInterfaceOrientations_iPhone = "UIInterfaceOrientationPortrait UIInterfaceOrientationLandscapeLeft UIInterfaceOrientationLandscapeRight";
				IPHONEOS_DEPLOYMENT_TARGET = 15.0;
				LD_RUNPATH_SEARCH_PATHS = (
					"$(inherited)",
					"@executable_path/Frameworks",
				);
				MARKETING_VERSION = 1.0;
				PRODUCT_BUNDLE_IDENTIFIER = mohamed.khater.com.Foody;
				PRODUCT_NAME = "$(TARGET_NAME)";
				SWIFT_EMIT_LOC_STRINGS = YES;
				SWIFT_VERSION = 5.0;
				TARGETED_DEVICE_FAMILY = "1,2";
			};
			name = Debug;
		};
		012E53AA2A03380400EB55A9 /* Release */ = {
			isa = XCBuildConfiguration;
			baseConfigurationReference = DC2ED13C82A16A4DA493E4FB /* Pods-Foody.release.xcconfig */;
			buildSettings = {
				ASSETCATALOG_COMPILER_APPICON_NAME = AppIcon;
				ASSETCATALOG_COMPILER_GLOBAL_ACCENT_COLOR_NAME = AccentColor;
				ASSETCATALOG_COMPILER_INCLUDE_ALL_APPICON_ASSETS = NO;
				CODE_SIGN_STYLE = Automatic;
				CURRENT_PROJECT_VERSION = 1;
				DEVELOPMENT_TEAM = R7KL845XH9;
				GENERATE_INFOPLIST_FILE = YES;
				INFOPLIST_FILE = Foody/Config/Info.plist;
				INFOPLIST_KEY_CFBundleDisplayName = Foody;
				INFOPLIST_KEY_LSApplicationCategoryType = "public.app-category.food-and-drink";
				INFOPLIST_KEY_UIApplicationSupportsIndirectInputEvents = YES;
				INFOPLIST_KEY_UILaunchStoryboardName = LaunchScreen.storyboard;
				INFOPLIST_KEY_UISupportedInterfaceOrientations_iPad = "UIInterfaceOrientationPortrait UIInterfaceOrientationPortraitUpsideDown UIInterfaceOrientationLandscapeLeft UIInterfaceOrientationLandscapeRight";
				INFOPLIST_KEY_UISupportedInterfaceOrientations_iPhone = "UIInterfaceOrientationPortrait UIInterfaceOrientationLandscapeLeft UIInterfaceOrientationLandscapeRight";
				IPHONEOS_DEPLOYMENT_TARGET = 15.0;
				LD_RUNPATH_SEARCH_PATHS = (
					"$(inherited)",
					"@executable_path/Frameworks",
				);
				MARKETING_VERSION = 1.0;
				PRODUCT_BUNDLE_IDENTIFIER = mohamed.khater.com.Foody;
				PRODUCT_NAME = "$(TARGET_NAME)";
				SWIFT_EMIT_LOC_STRINGS = YES;
				SWIFT_VERSION = 5.0;
				TARGETED_DEVICE_FAMILY = "1,2";
			};
			name = Release;
		};
/* End XCBuildConfiguration section */

/* Begin XCConfigurationList section */
		012E538F2A03380200EB55A9 /* Build configuration list for PBXProject "Foody" */ = {
			isa = XCConfigurationList;
			buildConfigurations = (
				012E53A62A03380400EB55A9 /* Debug */,
				012E53A72A03380400EB55A9 /* Release */,
			);
			defaultConfigurationIsVisible = 0;
			defaultConfigurationName = Release;
		};
		012E53A82A03380400EB55A9 /* Build configuration list for PBXNativeTarget "Foody" */ = {
			isa = XCConfigurationList;
			buildConfigurations = (
				012E53A92A03380400EB55A9 /* Debug */,
				012E53AA2A03380400EB55A9 /* Release */,
			);
			defaultConfigurationIsVisible = 0;
			defaultConfigurationName = Release;
		};
/* End XCConfigurationList section */
	};
	rootObject = 012E538C2A03380200EB55A9 /* Project object */;
}
